
Microsoft Visual Studio Solution File, Format Version 12.00
# Visual Studio Version 17
VisualStudioVersion = 17.4.33213.308
MinimumVisualStudioVersion = 10.0.40219.1
Project("{FAE04EC0-301F-11D3-BF4B-00C04F79EFBC}") = "1.ManipularArquivos", "1.ManipularArquivos.csproj", "{CF219BE1-571F-41C8-BEF4-981C069C573E}"
EndProject
Global
	GlobalSection(SolutionConfigurationPlatforms) = preSolution
		Debug|Any CPU = Debug|Any CPU
		Release|Any CPU = Release|Any CPU
	EndGlobalSection
	GlobalSection(ProjectConfigurationPlatforms) = postSolution
		{CF219BE1-571F-41C8-BEF4-981C069C573E}.Debug|Any CPU.ActiveCfg = Debug|Any CPU
		{CF219BE1-571F-41C8-BEF4-981C069C573E}.Debug|Any CPU.Build.0 = Debug|Any CPU
		{CF219BE1-571F-41C8-BEF4-981C069C573E}.Release|Any CPU.ActiveCfg = Release|Any CPU
		{CF219BE1-571F-41C8-BEF4-981C069C573E}.Release|Any CPU.Build.0 = Release|Any CPU
	EndGlobalSection
	GlobalSection(SolutionProperties) = preSolution
		HideSolutionNode = FALSE
	EndGlobalSection
	GlobalSection(ExtensibilityGlobals) = postSolution
		SolutionGuid = {BDBCEF3A-6E51-4908-B649-ECE73BA9C484}
	EndGlobalSection
EndGlobal
